{
  "projects": [
    {
      "projectId": "2kS349DKMK4UC7Q38aQg2a",
      "version": "latest",
      "dependencies": {},
      "lang": "ts",
      "fileLocks": [
        {
          "type": "globalVariant",
          "assetId": "Hv0J0qdwsjmnK",
          "checksum": "f979f64c9f8d554652b0e69fa7bd0ae6"
        },
        {
          "type": "renderModule",
          "assetId": "Hf8FgXjwfF19Z",
          "checksum": "3d79ddf1b733a638f67ba4e7dd1d5857"
        },
        {
          "type": "cssRules",
          "assetId": "Hf8FgXjwfF19Z",
          "checksum": "3d79ddf1b733a638f67ba4e7dd1d5857"
        },
        {
          "type": "renderModule",
          "assetId": "tZQoxUpqeyq1G",
          "checksum": "48da5cd2e5024d3d03f4ceba38d5ba8a"
        },
        {
          "type": "cssRules",
          "assetId": "tZQoxUpqeyq1G",
          "checksum": "48da5cd2e5024d3d03f4ceba38d5ba8a"
        },
        {
          "type": "icon",
          "assetId": "VdI3NtFoDINBV",
          "checksum": "fcef8a369c2add6bed02ecdb6ca1e27d"
        },
        {
          "type": "icon",
          "assetId": "9DBIIc5P4uOIU",
          "checksum": "a8129f8e5f02c6d4ab404111a6129576"
        },
        {
          "type": "icon",
          "assetId": "O1GqunhAx_w99",
          "checksum": "bc03560a3dce1dfe161b449eb02c039c"
        },
        {
          "assetId": "2kS349DKMK4UC7Q38aQg2a",
          "type": "projectCss",
          "checksum": "ea3edbc0fdd4a5030508d892df0988a2"
        }
      ],
      "codegenVersion": "0.0.1"
    }
  ],
  "cliVersion": "0.1.178"
}
